Microsoft Visual Studio Solution File, Format Version 12.00
# Visual Studio Version 18
VisualStudioVersion = 18.10.12210.168
MinimumVisualStudioVersion = 10.0.40219.1
Project("{FAE04EC0-301F-11D3-BF4B-00C04F79EFBC}") = "Vfisv.Core", "src\Vfisv.Core\Vfisv.Core.csproj", "{6D62D737-1DA3-41C6-9F68-27C78F37A94A}"
EndProject
Project("{FAE04EC0-301F-11D3-BF4B-00C04F79EFBC}") = "Vfisv.Cli", "src\Vfisv.Cli\Vfisv.Cli.csproj", "{BC3F6CD0-E3A0-4891-A844-FC30A9B56BA5}"
EndProject
Project("{FAE04EC0-301F-11D3-BF4B-00C04F79EFBC}") = "Vfisv.Tests", "tests\Vfisv.Tests\Vfisv.Tests.csproj", "{9D9A4636-1758-488F-A143-D542F5988925}"
EndProject
Project("{2150E333-8FDC-42A3-9474-1A3956D46DE8}") = "Noblis", "Noblis", "{1B7300F5-9CEB-403D-BEE4-E861B8ED7A63}"
EndProject
Project("{FAE04EC0-301F-11D3-BF4B-00C04F79EFBC}") = "FitsLib", "src\FitsLib\FitsLib.csproj", "{C0B93B66-1703-8314-95B8-3C614F15D0D8}"
EndProject
Project("{FAE04EC0-301F-11D3-BF4B-00C04F79EFBC}") = "FitsLib.Cli", "src\FitsLib.Cli\FitsLib.Cli.csproj", "{62C547DC-5340-E31A-75DF-56F6AF46C4FC}"
EndProject
Project("{FAE04EC0-301F-11D3-BF4B-00C04F79EFBC}") = "GPULib", "GPULib\GPULib.csproj", "{6E43C03A-A824-4BB1-AB1B-6A6CB9446A20}"
EndProject
Global
	GlobalSection(SolutionConfigurationPlatforms) = preSolution
		Debug|Any CPU = Debug|Any CPU
		Release|Any CPU = Release|Any CPU
	EndGlobalSection
	GlobalSection(ProjectConfigurationPlatforms) = postSolution
		{6D62D737-1DA3-41C6-9F68-27C78F37A94A}.Debug|Any CPU.ActiveCfg = Debug|Any CPU
		{6D62D737-1DA3-41C6-9F68-27C78F37A94A}.Debug|Any CPU.Build.0 = Debug|Any CPU
		{6D62D737-1DA3-41C6-9F68-27C78F37A94A}.Release|Any CPU.ActiveCfg = Release|Any CPU
		{6D62D737-1DA3-41C6-9F68-27C78F37A94A}.Release|Any CPU.Build.0 = Release|Any CPU
		{BC3F6CD0-E3A0-4891-A844-FC30A9B56BA5}.Debug|Any CPU.ActiveCfg = Debug|Any CPU
		{BC3F6CD0-E3A0-4891-A844-FC30A9B56BA5}.Debug|Any CPU.Build.0 = Debug|Any CPU
		{BC3F6CD0-E3A0-4891-A844-FC30A9B56BA5}.Release|Any CPU.ActiveCfg = Release|Any CPU
		{BC3F6CD0-E3A0-4891-A844-FC30A9B56BA5}.Release|Any CPU.Build.0 = Release|Any CPU
		{9D9A4636-1758-488F-A143-D542F5988925}.Debug|Any CPU.ActiveCfg = Debug|Any CPU
		{9D9A4636-1758-488F-A143-D542F5988925}.Debug|Any CPU.Build.0 = Debug|Any CPU
		{9D9A4636-1758-488F-A143-D542F5988925}.Release|Any CPU.ActiveCfg = Release|Any CPU
		{9D9A4636-1758-488F-A143-D542F5988925}.Release|Any CPU.Build.0 = Release|Any CPU
		{C0B93B66-1703-8314-95B8-3C614F15D0D8}.Debug|Any CPU.ActiveCfg = Debug|Any CPU
		{C0B93B66-1703-8314-95B8-3C614F15D0D8}.Debug|Any CPU.Build.0 = Debug|Any CPU
		{C0B93B66-1703-8314-95B8-3C614F15D0D8}.Release|Any CPU.ActiveCfg = Release|Any CPU
		{C0B93B66-1703-8314-95B8-3C614F15D0D8}.Release|Any CPU.Build.0 = Release|Any CPU
		{62C547DC-5340-E31A-75DF-56F6AF46C4FC}.Debug|Any CPU.ActiveCfg = Debug|Any CPU
		{62C547DC-5340-E31A-75DF-56F6AF46C4FC}.Debug|Any CPU.Build.0 = Debug|Any CPU
		{62C547DC-5340-E31A-75DF-56F6AF46C4FC}.Release|Any CPU.ActiveCfg = Release|Any CPU
		{62C547DC-5340-E31A-75DF-56F6AF46C4FC}.Release|Any CPU.Build.0 = Release|Any CPU
		{6E43C03A-A824-4BB1-AB1B-6A6CB9446A20}.Debug|Any CPU.ActiveCfg = Debug|Any CPU
		{6E43C03A-A824-4BB1-AB1B-6A6CB9446A20}.Debug|Any CPU.Build.0 = Debug|Any CPU
		{6E43C03A-A824-4BB1-AB1B-6A6CB9446A20}.Release|Any CPU.ActiveCfg = Release|Any CPU
		{6E43C03A-A824-4BB1-AB1B-6A6CB9446A20}.Release|Any CPU.Build.0 = Release|Any CPU
	EndGlobalSection
	GlobalSection(SolutionProperties) = preSolution
		HideSolutionNode = FALSE
	EndGlobalSection
	GlobalSection(NestedProjects) = preSolution
		{C0B93B66-1703-8314-95B8-3C614F15D0D8} = {1B7300F5-9CEB-403D-BEE4-E861B8ED7A63}
		{62C547DC-5340-E31A-75DF-56F6AF46C4FC} = {1B7300F5-9CEB-403D-BEE4-E861B8ED7A63}
		{6E43C03A-A824-4BB1-AB1B-6A6CB9446A20} = {1B7300F5-9CEB-403D-BEE4-E861B8ED7A63}
	EndGlobalSection
	GlobalSection(ExtensibilityGlobals) = postSolution
		SolutionGuid = {93ACFFF7-45D6-4194-B30B-3C42E23F83DF}
	EndGlobalSection
EndGlobal
